
Microsoft Visual Studio Solution File, Format Version 12.00
# Visual Studio Version 17
VisualStudioVersion = 17.1.32328.378
MinimumVisualStudioVersion = 10.0.40219.1
Project("{FAE04EC0-301F-11D3-BF4B-00C04F79EFBC}") = "Hangfire_Demo", "Hangfire_Demo\Hangfire_Demo.csproj", "{A1AFBC57-6216-4565-810D-8E02CE4E1156}"
EndProject
Global
	GlobalSection(SolutionConfigurationPlatforms) = preSolution
		Debug|Any CPU = Debug|Any CPU
		Release|Any CPU = Release|Any CPU
	EndGlobalSection
	GlobalSection(ProjectConfigurationPlatforms) = postSolution
		{A1AFBC57-6216-4565-810D-8E02CE4E1156}.Debug|Any CPU.ActiveCfg = Debug|Any CPU
		{A1AFBC57-6216-4565-810D-8E02CE4E1156}.Debug|Any CPU.Build.0 = Debug|Any CPU
		{A1AFBC57-6216-4565-810D-8E02CE4E1156}.Release|Any CPU.ActiveCfg = Release|Any CPU
		{A1AFBC57-6216-4565-810D-8E02CE4E1156}.Release|Any CPU.Build.0 = Release|Any CPU
	EndGlobalSection
	GlobalSection(SolutionProperties) = preSolution
		HideSolutionNode = FALSE
	EndGlobalSection
	GlobalSection(ExtensibilityGlobals) = postSolution
		SolutionGuid = {35056943-EDE6-4340-A0DD-049DD7CCBAA1}
	EndGlobalSection
EndGlobal
