
Microsoft Visual Studio Solution File, Format Version 12.00
# Visual Studio Version 17
VisualStudioVersion = 17.1.32328.378
MinimumVisualStudioVersion = 10.0.40219.1
Project("{FAE04EC0-301F-11D3-BF4B-00C04F79EFBC}") = "SignalR_Client_Demo", "SignalR_Client_Demo\SignalR_Client_Demo.csproj", "{7C518935-D1D7-49EE-B856-92BDF2BC1D7A}"
EndProject
Project("{FAE04EC0-301F-11D3-BF4B-00C04F79EFBC}") = "SignalR_Client_Common", "SignalR_Client_Common\SignalR_Client_Common.csproj", "{98ADED91-2561-4F27-940A-AE27DC3A8BB7}"
EndProject
Global
	GlobalSection(SolutionConfigurationPlatforms) = preSolution
		Debug|Any CPU = Debug|Any CPU
		Release|Any CPU = Release|Any CPU
	EndGlobalSection
	GlobalSection(ProjectConfigurationPlatforms) = postSolution
		{7C518935-D1D7-49EE-B856-92BDF2BC1D7A}.Debug|Any CPU.ActiveCfg = Debug|Any CPU
		{7C518935-D1D7-49EE-B856-92BDF2BC1D7A}.Debug|Any CPU.Build.0 = Debug|Any CPU
		{7C518935-D1D7-49EE-B856-92BDF2BC1D7A}.Release|Any CPU.ActiveCfg = Release|Any CPU
		{7C518935-D1D7-49EE-B856-92BDF2BC1D7A}.Release|Any CPU.Build.0 = Release|Any CPU
		{98ADED91-2561-4F27-940A-AE27DC3A8BB7}.Debug|Any CPU.ActiveCfg = Debug|Any CPU
		{98ADED91-2561-4F27-940A-AE27DC3A8BB7}.Debug|Any CPU.Build.0 = Debug|Any CPU
		{98ADED91-2561-4F27-940A-AE27DC3A8BB7}.Release|Any CPU.ActiveCfg = Release|Any CPU
		{98ADED91-2561-4F27-940A-AE27DC3A8BB7}.Release|Any CPU.Build.0 = Release|Any CPU
	EndGlobalSection
	GlobalSection(SolutionProperties) = preSolution
		HideSolutionNode = FALSE
	EndGlobalSection
	GlobalSection(ExtensibilityGlobals) = postSolution
		SolutionGuid = {3486EA64-0E30-48B1-BEFD-527118303C35}
	EndGlobalSection
EndGlobal
