
Microsoft Visual Studio Solution File, Format Version 12.00
# Visual Studio Version 16
VisualStudioVersion = 16.0.31321.278
MinimumVisualStudioVersion = 10.0.40219.1
Project("{FAE04EC0-301F-11D3-BF4B-00C04F79EFBC}") = "Consul_Demo", "Consul_Demo\Consul_Demo.csproj", "{74B32D96-DE61-4F7A-839C-D9CACACA4B34}"
EndProject
Global
	GlobalSection(SolutionConfigurationPlatforms) = preSolution
		Debug|Any CPU = Debug|Any CPU
		Release|Any CPU = Release|Any CPU
	EndGlobalSection
	GlobalSection(ProjectConfigurationPlatforms) = postSolution
		{74B32D96-DE61-4F7A-839C-D9CACACA4B34}.Debug|Any CPU.ActiveCfg = Debug|Any CPU
		{74B32D96-DE61-4F7A-839C-D9CACACA4B34}.Debug|Any CPU.Build.0 = Debug|Any CPU
		{74B32D96-DE61-4F7A-839C-D9CACACA4B34}.Release|Any CPU.ActiveCfg = Release|Any CPU
		{74B32D96-DE61-4F7A-839C-D9CACACA4B34}.Release|Any CPU.Build.0 = Release|Any CPU
	EndGlobalSection
	GlobalSection(SolutionProperties) = preSolution
		HideSolutionNode = FALSE
	EndGlobalSection
	GlobalSection(ExtensibilityGlobals) = postSolution
		SolutionGuid = {BC813018-A24F-4B15-9827-F30BD0416C38}
	EndGlobalSection
EndGlobal
