
Microsoft Visual Studio Solution File, Format Version 12.00
# Visual Studio Version 16
VisualStudioVersion = 16.0.31410.357
MinimumVisualStudioVersion = 10.0.40219.1
Project("{9A19103F-16F7-4668-BE54-9A1E7A4F7556}") = "RabbitMQ.Send", "RabbitMQ.Send\RabbitMQ.Send.csproj", "{A8988E43-483D-4C24-91BB-4BF9439A97EF}"
EndProject
Project("{FAE04EC0-301F-11D3-BF4B-00C04F79EFBC}") = "abbitMQ.DLX_Send", "abbitMQ.DLX_Send\abbitMQ.DLX_Send.csproj", "{DBF6749D-1774-4301-9CCA-73FDD72B0209}"
EndProject
Project("{FAE04EC0-301F-11D3-BF4B-00C04F79EFBC}") = "RabbitMQ.SendTwo", "RabbitMQ.SendTwo\RabbitMQ.SendTwo.csproj", "{18A6CAC4-0AEE-4D80-A2A9-3FF6833B8A2A}"
EndProject
Global
	GlobalSection(SolutionConfigurationPlatforms) = preSolution
		Debug|Any CPU = Debug|Any CPU
		Release|Any CPU = Release|Any CPU
	EndGlobalSection
	GlobalSection(ProjectConfigurationPlatforms) = postSolution
		{A8988E43-483D-4C24-91BB-4BF9439A97EF}.Debug|Any CPU.ActiveCfg = Debug|Any CPU
		{A8988E43-483D-4C24-91BB-4BF9439A97EF}.Debug|Any CPU.Build.0 = Debug|Any CPU
		{A8988E43-483D-4C24-91BB-4BF9439A97EF}.Release|Any CPU.ActiveCfg = Release|Any CPU
		{A8988E43-483D-4C24-91BB-4BF9439A97EF}.Release|Any CPU.Build.0 = Release|Any CPU
		{DBF6749D-1774-4301-9CCA-73FDD72B0209}.Debug|Any CPU.ActiveCfg = Debug|Any CPU
		{DBF6749D-1774-4301-9CCA-73FDD72B0209}.Debug|Any CPU.Build.0 = Debug|Any CPU
		{DBF6749D-1774-4301-9CCA-73FDD72B0209}.Release|Any CPU.ActiveCfg = Release|Any CPU
		{DBF6749D-1774-4301-9CCA-73FDD72B0209}.Release|Any CPU.Build.0 = Release|Any CPU
		{18A6CAC4-0AEE-4D80-A2A9-3FF6833B8A2A}.Debug|Any CPU.ActiveCfg = Debug|Any CPU
		{18A6CAC4-0AEE-4D80-A2A9-3FF6833B8A2A}.Debug|Any CPU.Build.0 = Debug|Any CPU
		{18A6CAC4-0AEE-4D80-A2A9-3FF6833B8A2A}.Release|Any CPU.ActiveCfg = Release|Any CPU
		{18A6CAC4-0AEE-4D80-A2A9-3FF6833B8A2A}.Release|Any CPU.Build.0 = Release|Any CPU
	EndGlobalSection
	GlobalSection(SolutionProperties) = preSolution
		HideSolutionNode = FALSE
	EndGlobalSection
	GlobalSection(ExtensibilityGlobals) = postSolution
		SolutionGuid = {3AB970BC-9251-4F5F-9FF2-6761D923CC67}
	EndGlobalSection
EndGlobal
