
Microsoft Visual Studio Solution File, Format Version 12.00
# Visual Studio Version 17
VisualStudioVersion = 17.6.33927.249
MinimumVisualStudioVersion = 10.0.40219.1
Project("{9A19103F-16F7-4668-BE54-9A1E7A4F7556}") = "Enum_Demo", "Enum_Demo\Enum_Demo.csproj", "{FBB06257-2D2B-48FA-A194-D5A3A6BA64CA}"
EndProject
Project("{9A19103F-16F7-4668-BE54-9A1E7A4F7556}") = "Stream_Demo", "Stream_Demo\Stream_Demo.csproj", "{1AAAFA1E-BEBB-490A-AD05-C3F93785D687}"
EndProject
Project("{9A19103F-16F7-4668-BE54-9A1E7A4F7556}") = "Common", "Common\Common.csproj", "{EB30BDFB-B38F-4418-8BF6-ECF182E74804}"
EndProject
Project("{FAE04EC0-301F-11D3-BF4B-00C04F79EFBC}") = "Policy_Demo", "Policy_Demo\Policy_Demo.csproj", "{94C4B329-6890-4515-8A36-E5A891BD5289}"
EndProject
Global
	GlobalSection(SolutionConfigurationPlatforms) = preSolution
		Debug|Any CPU = Debug|Any CPU
		Release|Any CPU = Release|Any CPU
	EndGlobalSection
	GlobalSection(ProjectConfigurationPlatforms) = postSolution
		{FBB06257-2D2B-48FA-A194-D5A3A6BA64CA}.Debug|Any CPU.ActiveCfg = Debug|Any CPU
		{FBB06257-2D2B-48FA-A194-D5A3A6BA64CA}.Debug|Any CPU.Build.0 = Debug|Any CPU
		{FBB06257-2D2B-48FA-A194-D5A3A6BA64CA}.Release|Any CPU.ActiveCfg = Release|Any CPU
		{FBB06257-2D2B-48FA-A194-D5A3A6BA64CA}.Release|Any CPU.Build.0 = Release|Any CPU
		{1AAAFA1E-BEBB-490A-AD05-C3F93785D687}.Debug|Any CPU.ActiveCfg = Debug|Any CPU
		{1AAAFA1E-BEBB-490A-AD05-C3F93785D687}.Debug|Any CPU.Build.0 = Debug|Any CPU
		{1AAAFA1E-BEBB-490A-AD05-C3F93785D687}.Release|Any CPU.ActiveCfg = Release|Any CPU
		{1AAAFA1E-BEBB-490A-AD05-C3F93785D687}.Release|Any CPU.Build.0 = Release|Any CPU
		{EB30BDFB-B38F-4418-8BF6-ECF182E74804}.Debug|Any CPU.ActiveCfg = Debug|Any CPU
		{EB30BDFB-B38F-4418-8BF6-ECF182E74804}.Debug|Any CPU.Build.0 = Debug|Any CPU
		{EB30BDFB-B38F-4418-8BF6-ECF182E74804}.Release|Any CPU.ActiveCfg = Release|Any CPU
		{EB30BDFB-B38F-4418-8BF6-ECF182E74804}.Release|Any CPU.Build.0 = Release|Any CPU
		{94C4B329-6890-4515-8A36-E5A891BD5289}.Debug|Any CPU.ActiveCfg = Debug|Any CPU
		{94C4B329-6890-4515-8A36-E5A891BD5289}.Debug|Any CPU.Build.0 = Debug|Any CPU
		{94C4B329-6890-4515-8A36-E5A891BD5289}.Release|Any CPU.ActiveCfg = Release|Any CPU
		{94C4B329-6890-4515-8A36-E5A891BD5289}.Release|Any CPU.Build.0 = Release|Any CPU
	EndGlobalSection
	GlobalSection(SolutionProperties) = preSolution
		HideSolutionNode = FALSE
	EndGlobalSection
	GlobalSection(ExtensibilityGlobals) = postSolution
		SolutionGuid = {C918E34F-D903-4F81-A25F-66C586E08ED4}
	EndGlobalSection
EndGlobal
