
Microsoft Visual Studio Solution File, Format Version 12.00
# Visual Studio Version 16
VisualStudioVersion = 16.0.31729.503
MinimumVisualStudioVersion = 10.0.40219.1
Project("{9A19103F-16F7-4668-BE54-9A1E7A4F7556}") = "TestMQ.Send", "TestMQ.Send\TestMQ.Send.csproj", "{7E1ED2D7-142B-40AA-81A5-A279C0B76670}"
EndProject
Project("{9A19103F-16F7-4668-BE54-9A1E7A4F7556}") = "TestMQ.Receive", "TestMQ.Receive\TestMQ.Receive.csproj", "{CC891FA1-C349-4633-BD5D-EAE117ACC8F8}"
EndProject
Project("{FAE04EC0-301F-11D3-BF4B-00C04F79EFBC}") = "TestMQ.Entity", "TestMQ.Entity\TestMQ.Entity.csproj", "{18A716E5-6696-4369-B68C-F1AC3CBAC9F0}"
EndProject
Global
	GlobalSection(SolutionConfigurationPlatforms) = preSolution
		Debug|Any CPU = Debug|Any CPU
		Release|Any CPU = Release|Any CPU
	EndGlobalSection
	GlobalSection(ProjectConfigurationPlatforms) = postSolution
		{7E1ED2D7-142B-40AA-81A5-A279C0B76670}.Debug|Any CPU.ActiveCfg = Debug|Any CPU
		{7E1ED2D7-142B-40AA-81A5-A279C0B76670}.Debug|Any CPU.Build.0 = Debug|Any CPU
		{7E1ED2D7-142B-40AA-81A5-A279C0B76670}.Release|Any CPU.ActiveCfg = Release|Any CPU
		{7E1ED2D7-142B-40AA-81A5-A279C0B76670}.Release|Any CPU.Build.0 = Release|Any CPU
		{CC891FA1-C349-4633-BD5D-EAE117ACC8F8}.Debug|Any CPU.ActiveCfg = Debug|Any CPU
		{CC891FA1-C349-4633-BD5D-EAE117ACC8F8}.Debug|Any CPU.Build.0 = Debug|Any CPU
		{CC891FA1-C349-4633-BD5D-EAE117ACC8F8}.Release|Any CPU.ActiveCfg = Release|Any CPU
		{CC891FA1-C349-4633-BD5D-EAE117ACC8F8}.Release|Any CPU.Build.0 = Release|Any CPU
		{18A716E5-6696-4369-B68C-F1AC3CBAC9F0}.Debug|Any CPU.ActiveCfg = Debug|Any CPU
		{18A716E5-6696-4369-B68C-F1AC3CBAC9F0}.Debug|Any CPU.Build.0 = Debug|Any CPU
		{18A716E5-6696-4369-B68C-F1AC3CBAC9F0}.Release|Any CPU.ActiveCfg = Release|Any CPU
		{18A716E5-6696-4369-B68C-F1AC3CBAC9F0}.Release|Any CPU.Build.0 = Release|Any CPU
	EndGlobalSection
	GlobalSection(SolutionProperties) = preSolution
		HideSolutionNode = FALSE
	EndGlobalSection
	GlobalSection(ExtensibilityGlobals) = postSolution
		SolutionGuid = {B77FFBD0-9DB5-4731-95E5-1B0E24742791}
	EndGlobalSection
EndGlobal
