
Microsoft Visual Studio Solution File, Format Version 12.00
# Visual Studio Version 16
VisualStudioVersion = 16.0.31321.278
MinimumVisualStudioVersion = 10.0.40219.1
Project("{FAE04EC0-301F-11D3-BF4B-00C04F79EFBC}") = "LBJ.MicroService.Product.API", "LBJ.MicroService.Product.API\LBJ.MicroService.Product.API.csproj", "{88A66F77-5A29-4788-8384-1D5703D79BE6}"
EndProject
Global
	GlobalSection(SolutionConfigurationPlatforms) = preSolution
		Debug|Any CPU = Debug|Any CPU
		Release|Any CPU = Release|Any CPU
	EndGlobalSection
	GlobalSection(ProjectConfigurationPlatforms) = postSolution
		{88A66F77-5A29-4788-8384-1D5703D79BE6}.Debug|Any CPU.ActiveCfg = Debug|Any CPU
		{88A66F77-5A29-4788-8384-1D5703D79BE6}.Debug|Any CPU.Build.0 = Debug|Any CPU
		{88A66F77-5A29-4788-8384-1D5703D79BE6}.Release|Any CPU.ActiveCfg = Release|Any CPU
		{88A66F77-5A29-4788-8384-1D5703D79BE6}.Release|Any CPU.Build.0 = Release|Any CPU
	EndGlobalSection
	GlobalSection(SolutionProperties) = preSolution
		HideSolutionNode = FALSE
	EndGlobalSection
	GlobalSection(ExtensibilityGlobals) = postSolution
		SolutionGuid = {9D4DE18F-AA44-476D-B1C5-0E68168E598F}
	EndGlobalSection
EndGlobal
